
Microsoft Visual Studio Solution File, Format Version 12.00
# Visual Studio Version 17
VisualStudioVersion = 17.13.35913.81 d17.13
MinimumVisualStudioVersion = 10.0.40219.1
Project("{FAE04EC0-301F-11D3-BF4B-00C04F79EFBC}") = "StringCalculatorApplication", "StringCalculatorApplication\StringCalculatorApplication.csproj", "{504EA1C9-2F80-4E4A-AF61-ADE02B5362E6}"
EndProject
Project("{FAE04EC0-301F-11D3-BF4B-00C04F79EFBC}") = "StringCalculatorApplicationTests", "StringCalculatorApplicationTests\StringCalculatorApplicationTests.csproj", "{94B1A89B-4C29-43EF-98CE-B7DA59AD9E59}"
EndProject
Global
	GlobalSection(SolutionConfigurationPlatforms) = preSolution
		Debug|Any CPU = Debug|Any CPU
		Release|Any CPU = Release|Any CPU
	EndGlobalSection
	GlobalSection(ProjectConfigurationPlatforms) = postSolution
		{504EA1C9-2F80-4E4A-AF61-ADE02B5362E6}.Debug|Any CPU.ActiveCfg = Debug|Any CPU
		{504EA1C9-2F80-4E4A-AF61-ADE02B5362E6}.Debug|Any CPU.Build.0 = Debug|Any CPU
		{504EA1C9-2F80-4E4A-AF61-ADE02B5362E6}.Release|Any CPU.ActiveCfg = Release|Any CPU
		{504EA1C9-2F80-4E4A-AF61-ADE02B5362E6}.Release|Any CPU.Build.0 = Release|Any CPU
		{94B1A89B-4C29-43EF-98CE-B7DA59AD9E59}.Debug|Any CPU.ActiveCfg = Debug|Any CPU
		{94B1A89B-4C29-43EF-98CE-B7DA59AD9E59}.Debug|Any CPU.Build.0 = Debug|Any CPU
		{94B1A89B-4C29-43EF-98CE-B7DA59AD9E59}.Release|Any CPU.ActiveCfg = Release|Any CPU
		{94B1A89B-4C29-43EF-98CE-B7DA59AD9E59}.Release|Any CPU.Build.0 = Release|Any CPU
	EndGlobalSection
	GlobalSection(SolutionProperties) = preSolution
		HideSolutionNode = FALSE
	EndGlobalSection
	GlobalSection(ExtensibilityGlobals) = postSolution
		SolutionGuid = {B6E64FEE-A760-490E-A197-5DE956D1CC36}
	EndGlobalSection
EndGlobal
